
Microsoft Visual Studio Solution File, Format Version 12.00
# Visual Studio Version 16
VisualStudioVersion = 16.0.29613.14
MinimumVisualStudioVersion = 10.0.40219.1
Project("{FAE04EC0-301F-11D3-BF4B-00C04F79EFBC}") = "DinnerPlanner.Web", "DinnerPlanner.Web\DinnerPlanner.Web.csproj", "{D838519E-C4F2-4D76-AB14-A72906A0FA01}"
EndProject
Project("{FAE04EC0-301F-11D3-BF4B-00C04F79EFBC}") = "DinnerPlanner.Data", "DinnerPlanner.Data\DinnerPlanner.Data.csproj", "{5FEB492A-DC7A-44FB-921B-A4FF07959822}"
EndProject
Global
	GlobalSection(SolutionConfigurationPlatforms) = preSolution
		Debug|Any CPU = Debug|Any CPU
		Release|Any CPU = Release|Any CPU
	EndGlobalSection
	GlobalSection(ProjectConfigurationPlatforms) = postSolution
		{D838519E-C4F2-4D76-AB14-A72906A0FA01}.Debug|Any CPU.ActiveCfg = Debug|Any CPU
		{D838519E-C4F2-4D76-AB14-A72906A0FA01}.Debug|Any CPU.Build.0 = Debug|Any CPU
		{D838519E-C4F2-4D76-AB14-A72906A0FA01}.Release|Any CPU.ActiveCfg = Release|Any CPU
		{D838519E-C4F2-4D76-AB14-A72906A0FA01}.Release|Any CPU.Build.0 = Release|Any CPU
		{5FEB492A-DC7A-44FB-921B-A4FF07959822}.Debug|Any CPU.ActiveCfg = Debug|Any CPU
		{5FEB492A-DC7A-44FB-921B-A4FF07959822}.Debug|Any CPU.Build.0 = Debug|Any CPU
		{5FEB492A-DC7A-44FB-921B-A4FF07959822}.Release|Any CPU.ActiveCfg = Release|Any CPU
		{5FEB492A-DC7A-44FB-921B-A4FF07959822}.Release|Any CPU.Build.0 = Release|Any CPU
	EndGlobalSection
	GlobalSection(SolutionProperties) = preSolution
		HideSolutionNode = FALSE
	EndGlobalSection
	GlobalSection(ExtensibilityGlobals) = postSolution
		SolutionGuid = {6A8467A7-F621-4925-9404-A102F27FAC07}
	EndGlobalSection
EndGlobal
